
Microsoft Visual Studio Solution File, Format Version 12.00
# Visual Studio Version 16
VisualStudioVersion = 16.0.32106.194
MinimumVisualStudioVersion = 10.0.40219.1
Project("{FAE04EC0-301F-11D3-BF4B-00C04F79EFBC}") = "TavKap", "TavKap\TavKap.csproj", "{CFE360C0-13A0-4FEE-A254-8AC6067F595E}"
EndProject
Global
	GlobalSection(SolutionConfigurationPlatforms) = preSolution
		Debug|Any CPU = Debug|Any CPU
		Release|Any CPU = Release|Any CPU
	EndGlobalSection
	GlobalSection(ProjectConfigurationPlatforms) = postSolution
		{CFE360C0-13A0-4FEE-A254-8AC6067F595E}.Debug|Any CPU.ActiveCfg = Debug|Any CPU
		{CFE360C0-13A0-4FEE-A254-8AC6067F595E}.Debug|Any CPU.Build.0 = Debug|Any CPU
		{CFE360C0-13A0-4FEE-A254-8AC6067F595E}.Release|Any CPU.ActiveCfg = Release|Any CPU
		{CFE360C0-13A0-4FEE-A254-8AC6067F595E}.Release|Any CPU.Build.0 = Release|Any CPU
	EndGlobalSection
	GlobalSection(SolutionProperties) = preSolution
		HideSolutionNode = FALSE
	EndGlobalSection
	GlobalSection(ExtensibilityGlobals) = postSolution
		SolutionGuid = {5AECBB7B-A582-4CD7-9F6A-2AD856ADE12F}
	EndGlobalSection
EndGlobal
